{
    "_readme": [
        "This file locks the dependencies of your project to a known state",
        "Read more about it at https://getcomposer.org/doc/01-basic-usage.md#installing-dependencies",
        "This file is @generated automatically"
    ],
    "content-hash": "d20ddf5c661da7ffb46f9e4dcee1bd0c",
    "packages": [
        {
            "name": "sadi/brevo-mailer",
            "version": "v2.0.0",
            "source": {
                "type": "git",
                "url": "https://github.com/sadi-tanvir/brevo-mail-sender.git",
                "reference": "3925959532ec51971ea38649f1a8e66b400c302e"
            },
            "dist": {
                "type": "zip",
                "url": "https://api.github.com/repos/sadi-tanvir/brevo-mail-sender/zipball/3925959532ec51971ea38649f1a8e66b400c302e",
                "reference": "3925959532ec51971ea38649f1a8e66b400c302e",
                "shasum": ""
            },
            "type": "library",
            "extra": {
                "laravel": {
                    "providers": [
                        "Sadi\\BrevoMailer\\EmailServiceProvider"
                    ]
                }
            },
            "autoload": {
                "psr-4": {
                    "Sadi\\BrevoMailer\\": "src/"
                }
            },
            "notification-url": "https://packagist.org/downloads/",
            "license": [
                "MIT"
            ],
            "description": "A simple Laravel package to send emails using Brevo API",
            "support": {
                "issues": "https://github.com/sadi-tanvir/brevo-mail-sender/issues",
                "source": "https://github.com/sadi-tanvir/brevo-mail-sender/tree/v2.0.0"
            },
            "time": "2025-08-17T16:15:22+00:00"
        }
    ],
    "packages-dev": [],
    "aliases": [],
    "minimum-stability": "stable",
    "stability-flags": {},
    "prefer-stable": false,
    "prefer-lowest": false,
    "platform": {},
    "platform-dev": {},
    "plugin-api-version": "2.9.0"
}
